
Microsoft Visual Studio Solution File, Format Version 12.00
# Visual Studio Version 16
VisualStudioVersion = 16.0.29209.62
MinimumVisualStudioVersion = 10.0.40219.1
Project("{9A19103F-16F7-4668-BE54-9A1E7A4F7556}") = "DFC.App.RelatedCareers", "DFC.App.RelatedCareers\DFC.App.RelatedCareers.csproj", "{000625E9-D790-4DF1-8A50-9C391B35ACA3}"
EndProject
Project("{2150E333-8FDC-42A3-9474-1A3956D46DE8}") = "_Solution Items", "_Solution Items", "{877A37BC-3E62-4048-AAED-187429C5BB4C}"
	ProjectSection(SolutionItems) = preProject
		.gitignore = .gitignore
		DFC.Digital.CodeAnalysis.ruleset = DFC.Digital.CodeAnalysis.ruleset
		LICENSE = LICENSE
		README.md = README.md
		stylecop.json = stylecop.json
		UnitTests.CodeAnalysis.ruleset = UnitTests.CodeAnalysis.ruleset
	EndProjectSection
EndProject
Project("{2150E333-8FDC-42A3-9474-1A3956D46DE8}") = "Data", "Data", "{437D624C-1405-4A9A-98B2-CEF08E1E5CC1}"
EndProject
Project("{9A19103F-16F7-4668-BE54-9A1E7A4F7556}") = "DFC.App.RelatedCareers.Data", "DFC.App.RelatedCareers.Data\DFC.App.RelatedCareers.Data.csproj", "{D0371FE1-530F-44EE-B2CB-AD17528D9AFC}"
EndProject
Project("{2150E333-8FDC-42A3-9474-1A3956D46DE8}") = "Repositories", "Repositories", "{E8D4502C-BD90-47A9-8D1C-5AF9AACB608D}"
EndProject
Project("{9A19103F-16F7-4668-BE54-9A1E7A4F7556}") = "DFC.App.RelatedCareers.Repository.CosmosDb", "DFC.App.RelatedCareers.Repository.CosmosDb\DFC.App.RelatedCareers.Repository.CosmosDb.csproj", "{8D698301-5617-484B-AD3B-FF36073B5948}"
EndProject
Project("{9A19103F-16F7-4668-BE54-9A1E7A4F7556}") = "DFC.App.RelatedCareers.Repository.SitefinityApi", "DFC.App.RelatedCareers.Repository.SitefinityApi\DFC.App.RelatedCareers.Repository.SitefinityApi.csproj", "{3A24665F-DEE7-4BEA-BE88-FBF43D09AA29}"
EndProject
Project("{2150E333-8FDC-42A3-9474-1A3956D46DE8}") = "Services", "Services", "{B6E3786D-E91B-471A-AE45-155952DCF139}"
EndProject
Project("{9A19103F-16F7-4668-BE54-9A1E7A4F7556}") = "DFC.App.RelatedCareers.DraftSegmentService", "DFC.App.RelatedCareers.DraftSegmentService\DFC.App.RelatedCareers.DraftSegmentService.csproj", "{17075671-1219-42F7-A97C-525E0071AEBB}"
EndProject
Project("{9A19103F-16F7-4668-BE54-9A1E7A4F7556}") = "DFC.App.RelatedCareers.SegmentService", "DFC.App.RelatedCareers.SegmentService\DFC.App.RelatedCareers.SegmentService.csproj", "{43DFBC6F-4551-4D00-87BC-C568B433F180}"
EndProject
Project("{2150E333-8FDC-42A3-9474-1A3956D46DE8}") = "Tests", "Tests", "{D572AEED-AC4E-40D8-956B-68EBDA59A0F1}"
EndProject
Project("{2150E333-8FDC-42A3-9474-1A3956D46DE8}") = "UnitTests", "UnitTests", "{DCF496AC-AA60-49DA-BC74-3A0275410F47}"
EndProject
Project("{2150E333-8FDC-42A3-9474-1A3956D46DE8}") = "Services", "Services", "{2BE90482-EC3E-4318-8BFE-D99672450012}"
EndProject
Project("{9A19103F-16F7-4668-BE54-9A1E7A4F7556}") = "DFC.App.RelatedCareers.DraftSegmentService.UnitTests", "DFC.App.RelatedCareers.DraftSegmentService.UnitTests\DFC.App.RelatedCareers.DraftSegmentService.UnitTests.csproj", "{D0D98695-74F3-4B32-A402-DFF2721F0E2B}"
EndProject
Project("{9A19103F-16F7-4668-BE54-9A1E7A4F7556}") = "DFC.App.RelatedCareers.SegmentService.UnitTests", "DFC.App.RelatedCareers.SegmentService.UnitTests\DFC.App.RelatedCareers.SegmentService.UnitTests.csproj", "{EB36DEEC-FF7F-489E-9D00-9E8F4734257C}"
EndProject
Project("{2150E333-8FDC-42A3-9474-1A3956D46DE8}") = "Web", "Web", "{D5758B1C-0BFA-454E-A781-2D2C9125BD3B}"
EndProject
Project("{9A19103F-16F7-4668-BE54-9A1E7A4F7556}") = "DFC.App.RelatedCareers.UnitTests", "DFC.App.RelatedCareers.UnitTests\DFC.App.RelatedCareers.UnitTests.csproj", "{3DEA01DA-86C3-4C75-8E98-2BBEC2FA07F7}"
EndProject
Project("{2150E333-8FDC-42A3-9474-1A3956D46DE8}") = "IntegrationTests", "IntegrationTests", "{7546A364-E3E6-47B9-BB0E-2FB37BED7244}"
EndProject
Project("{9A19103F-16F7-4668-BE54-9A1E7A4F7556}") = "DFC.App.RelatedCareers.IntegrationTests", "DFC.App.RelatedCareers.IntegrationTests\DFC.App.RelatedCareers.IntegrationTests.csproj", "{02937AEB-3953-40D6-BB56-3A6B3E813846}"
EndProject
Project("{2150E333-8FDC-42A3-9474-1A3956D46DE8}") = "Web", "Web", "{5B992550-B494-4EFB-ABC2-E09ACE30303E}"
EndProject
Project("{2150E333-8FDC-42A3-9474-1A3956D46DE8}") = "ViewsTests", "ViewsTests", "{DEC36E8C-C9A4-4984-B06C-C501CA4AF19F}"
EndProject
Project("{9A19103F-16F7-4668-BE54-9A1E7A4F7556}") = "DFC.App.RelatedCareers.Views.Tests", "DFC.App.RelatedCareers.Views.Tests\DFC.App.RelatedCareers.Views.Tests.csproj", "{46233E61-7613-4416-B11D-0EDFEBF0358B}"
EndProject
Project("{2150E333-8FDC-42A3-9474-1A3956D46DE8}") = "Functions", "Functions", "{A4781CB3-8E31-44C0-B531-E73AA13D8832}"
EndProject
Project("{9A19103F-16F7-4668-BE54-9A1E7A4F7556}") = "DFC.App.RelatedCareers.MessageFunctionApp", "DFC.App.RelatedCareers.MessageFunctionApp\DFC.App.RelatedCareers.MessageFunctionApp.csproj", "{CB153578-BD35-46EA-9500-5BF8BBA2AA88}"
EndProject
Project("{2150E333-8FDC-42A3-9474-1A3956D46DE8}") = "MessagingFunction", "MessagingFunction", "{C13953B0-6D0C-44D9-89CC-07AEA00AB1FA}"
EndProject
Project("{FAE04EC0-301F-11D3-BF4B-00C04F79EFBC}") = "DFC.App.RelatedCareers.MessageFunctionAppTests", "DFC.App.RelatedCareers.MessageFunctionAppTests\DFC.App.RelatedCareers.MessageFunctionAppTests.csproj", "{E5CA9D24-48B2-4C27-8606-C412E1E86ED8}"
EndProject
Global
	GlobalSection(SolutionConfigurationPlatforms) = preSolution
		Debug|Any CPU = Debug|Any CPU
		Release|Any CPU = Release|Any CPU
	EndGlobalSection
	GlobalSection(ProjectConfigurationPlatforms) = postSolution
		{000625E9-D790-4DF1-8A50-9C391B35ACA3}.Debug|Any CPU.ActiveCfg = Debug|Any CPU
		{000625E9-D790-4DF1-8A50-9C391B35ACA3}.Debug|Any CPU.Build.0 = Debug|Any CPU
		{000625E9-D790-4DF1-8A50-9C391B35ACA3}.Release|Any CPU.ActiveCfg = Release|Any CPU
		{000625E9-D790-4DF1-8A50-9C391B35ACA3}.Release|Any CPU.Build.0 = Release|Any CPU
		{D0371FE1-530F-44EE-B2CB-AD17528D9AFC}.Debug|Any CPU.ActiveCfg = Debug|Any CPU
		{D0371FE1-530F-44EE-B2CB-AD17528D9AFC}.Debug|Any CPU.Build.0 = Debug|Any CPU
		{D0371FE1-530F-44EE-B2CB-AD17528D9AFC}.Release|Any CPU.ActiveCfg = Release|Any CPU
		{D0371FE1-530F-44EE-B2CB-AD17528D9AFC}.Release|Any CPU.Build.0 = Release|Any CPU
		{8D698301-5617-484B-AD3B-FF36073B5948}.Debug|Any CPU.ActiveCfg = Debug|Any CPU
		{8D698301-5617-484B-AD3B-FF36073B5948}.Debug|Any CPU.Build.0 = Debug|Any CPU
		{8D698301-5617-484B-AD3B-FF36073B5948}.Release|Any CPU.ActiveCfg = Release|Any CPU
		{8D698301-5617-484B-AD3B-FF36073B5948}.Release|Any CPU.Build.0 = Release|Any CPU
		{3A24665F-DEE7-4BEA-BE88-FBF43D09AA29}.Debug|Any CPU.ActiveCfg = Debug|Any CPU
		{3A24665F-DEE7-4BEA-BE88-FBF43D09AA29}.Debug|Any CPU.Build.0 = Debug|Any CPU
		{3A24665F-DEE7-4BEA-BE88-FBF43D09AA29}.Release|Any CPU.ActiveCfg = Release|Any CPU
		{3A24665F-DEE7-4BEA-BE88-FBF43D09AA29}.Release|Any CPU.Build.0 = Release|Any CPU
		{17075671-1219-42F7-A97C-525E0071AEBB}.Debug|Any CPU.ActiveCfg = Debug|Any CPU
		{17075671-1219-42F7-A97C-525E0071AEBB}.Debug|Any CPU.Build.0 = Debug|Any CPU
		{17075671-1219-42F7-A97C-525E0071AEBB}.Release|Any CPU.ActiveCfg = Release|Any CPU
		{17075671-1219-42F7-A97C-525E0071AEBB}.Release|Any CPU.Build.0 = Release|Any CPU
		{43DFBC6F-4551-4D00-87BC-C568B433F180}.Debug|Any CPU.ActiveCfg = Debug|Any CPU
		{43DFBC6F-4551-4D00-87BC-C568B433F180}.Debug|Any CPU.Build.0 = Debug|Any CPU
		{43DFBC6F-4551-4D00-87BC-C568B433F180}.Release|Any CPU.ActiveCfg = Release|Any CPU
		{43DFBC6F-4551-4D00-87BC-C568B433F180}.Release|Any CPU.Build.0 = Release|Any CPU
		{D0D98695-74F3-4B32-A402-DFF2721F0E2B}.Debug|Any CPU.ActiveCfg = Debug|Any CPU
		{D0D98695-74F3-4B32-A402-DFF2721F0E2B}.Debug|Any CPU.Build.0 = Debug|Any CPU
		{D0D98695-74F3-4B32-A402-DFF2721F0E2B}.Release|Any CPU.ActiveCfg = Release|Any CPU
		{D0D98695-74F3-4B32-A402-DFF2721F0E2B}.Release|Any CPU.Build.0 = Release|Any CPU
		{EB36DEEC-FF7F-489E-9D00-9E8F4734257C}.Debug|Any CPU.ActiveCfg = Debug|Any CPU
		{EB36DEEC-FF7F-489E-9D00-9E8F4734257C}.Debug|Any CPU.Build.0 = Debug|Any CPU
		{EB36DEEC-FF7F-489E-9D00-9E8F4734257C}.Release|Any CPU.ActiveCfg = Release|Any CPU
		{EB36DEEC-FF7F-489E-9D00-9E8F4734257C}.Release|Any CPU.Build.0 = Release|Any CPU
		{3DEA01DA-86C3-4C75-8E98-2BBEC2FA07F7}.Debug|Any CPU.ActiveCfg = Debug|Any CPU
		{3DEA01DA-86C3-4C75-8E98-2BBEC2FA07F7}.Debug|Any CPU.Build.0 = Debug|Any CPU
		{3DEA01DA-86C3-4C75-8E98-2BBEC2FA07F7}.Release|Any CPU.ActiveCfg = Release|Any CPU
		{3DEA01DA-86C3-4C75-8E98-2BBEC2FA07F7}.Release|Any CPU.Build.0 = Release|Any CPU
		{02937AEB-3953-40D6-BB56-3A6B3E813846}.Debug|Any CPU.ActiveCfg = Debug|Any CPU
		{02937AEB-3953-40D6-BB56-3A6B3E813846}.Debug|Any CPU.Build.0 = Debug|Any CPU
		{02937AEB-3953-40D6-BB56-3A6B3E813846}.Release|Any CPU.ActiveCfg = Release|Any CPU
		{02937AEB-3953-40D6-BB56-3A6B3E813846}.Release|Any CPU.Build.0 = Release|Any CPU
		{46233E61-7613-4416-B11D-0EDFEBF0358B}.Debug|Any CPU.ActiveCfg = Debug|Any CPU
		{46233E61-7613-4416-B11D-0EDFEBF0358B}.Debug|Any CPU.Build.0 = Debug|Any CPU
		{46233E61-7613-4416-B11D-0EDFEBF0358B}.Release|Any CPU.ActiveCfg = Release|Any CPU
		{46233E61-7613-4416-B11D-0EDFEBF0358B}.Release|Any CPU.Build.0 = Release|Any CPU
		{CB153578-BD35-46EA-9500-5BF8BBA2AA88}.Debug|Any CPU.ActiveCfg = Debug|Any CPU
		{CB153578-BD35-46EA-9500-5BF8BBA2AA88}.Debug|Any CPU.Build.0 = Debug|Any CPU
		{CB153578-BD35-46EA-9500-5BF8BBA2AA88}.Release|Any CPU.ActiveCfg = Release|Any CPU
		{CB153578-BD35-46EA-9500-5BF8BBA2AA88}.Release|Any CPU.Build.0 = Release|Any CPU
		{E5CA9D24-48B2-4C27-8606-C412E1E86ED8}.Debug|Any CPU.ActiveCfg = Debug|Any CPU
		{E5CA9D24-48B2-4C27-8606-C412E1E86ED8}.Debug|Any CPU.Build.0 = Debug|Any CPU
		{E5CA9D24-48B2-4C27-8606-C412E1E86ED8}.Release|Any CPU.ActiveCfg = Release|Any CPU
		{E5CA9D24-48B2-4C27-8606-C412E1E86ED8}.Release|Any CPU.Build.0 = Release|Any CPU
	EndGlobalSection
	GlobalSection(SolutionProperties) = preSolution
		HideSolutionNode = FALSE
	EndGlobalSection
	GlobalSection(NestedProjects) = preSolution
		{D0371FE1-530F-44EE-B2CB-AD17528D9AFC} = {437D624C-1405-4A9A-98B2-CEF08E1E5CC1}
		{8D698301-5617-484B-AD3B-FF36073B5948} = {E8D4502C-BD90-47A9-8D1C-5AF9AACB608D}
		{3A24665F-DEE7-4BEA-BE88-FBF43D09AA29} = {E8D4502C-BD90-47A9-8D1C-5AF9AACB608D}
		{17075671-1219-42F7-A97C-525E0071AEBB} = {B6E3786D-E91B-471A-AE45-155952DCF139}
		{43DFBC6F-4551-4D00-87BC-C568B433F180} = {B6E3786D-E91B-471A-AE45-155952DCF139}
		{DCF496AC-AA60-49DA-BC74-3A0275410F47} = {D572AEED-AC4E-40D8-956B-68EBDA59A0F1}
		{2BE90482-EC3E-4318-8BFE-D99672450012} = {DCF496AC-AA60-49DA-BC74-3A0275410F47}
		{D0D98695-74F3-4B32-A402-DFF2721F0E2B} = {2BE90482-EC3E-4318-8BFE-D99672450012}
		{EB36DEEC-FF7F-489E-9D00-9E8F4734257C} = {2BE90482-EC3E-4318-8BFE-D99672450012}
		{D5758B1C-0BFA-454E-A781-2D2C9125BD3B} = {DCF496AC-AA60-49DA-BC74-3A0275410F47}
		{3DEA01DA-86C3-4C75-8E98-2BBEC2FA07F7} = {D5758B1C-0BFA-454E-A781-2D2C9125BD3B}
		{7546A364-E3E6-47B9-BB0E-2FB37BED7244} = {D572AEED-AC4E-40D8-956B-68EBDA59A0F1}
		{02937AEB-3953-40D6-BB56-3A6B3E813846} = {5B992550-B494-4EFB-ABC2-E09ACE30303E}
		{5B992550-B494-4EFB-ABC2-E09ACE30303E} = {7546A364-E3E6-47B9-BB0E-2FB37BED7244}
		{DEC36E8C-C9A4-4984-B06C-C501CA4AF19F} = {D572AEED-AC4E-40D8-956B-68EBDA59A0F1}
		{46233E61-7613-4416-B11D-0EDFEBF0358B} = {DEC36E8C-C9A4-4984-B06C-C501CA4AF19F}
		{CB153578-BD35-46EA-9500-5BF8BBA2AA88} = {A4781CB3-8E31-44C0-B531-E73AA13D8832}
		{C13953B0-6D0C-44D9-89CC-07AEA00AB1FA} = {7546A364-E3E6-47B9-BB0E-2FB37BED7244}
		{E5CA9D24-48B2-4C27-8606-C412E1E86ED8} = {C13953B0-6D0C-44D9-89CC-07AEA00AB1FA}
	EndGlobalSection
	GlobalSection(ExtensibilityGlobals) = postSolution
		SolutionGuid = {99D8B52C-EB5E-4D55-A8A7-DB5A3864A2CA}
	EndGlobalSection
EndGlobal
